# THIS IS AN AUTOGENERATED FILE. DO NOT EDIT THIS FILE DIRECTLY.
# yarn lockfile v1


"@vant/weapp@^1.10.9":
  version "1.10.9"
  resolved "https://registry.yarnpkg.com/@vant/weapp/-/weapp-1.10.9.tgz#e319a7c0cab9fe87d91c99248cd94902623d5857"
  integrity sha512-hFJ48SCSvRgcwT/9TcxwNnNnWSpy2BpaBfwQwVdU6uwgFH+2OqGL435VQN7EDpIMH8YjHbiM84hueTyxAzIPqQ==
